
Microsoft Visual Studio Solution File, Format Version 12.00
# Visual Studio Version 17
VisualStudioVersion = 17.1.32210.238
MinimumVisualStudioVersion = 10.0.40219.1
Project("{FAE04EC0-301F-11D3-BF4B-00C04F79EFBC}") = "EkstraLetOpg", "EkstraLetOpg\EkstraLetOpg.csproj", "{65552273-2F0F-4896-A3A4-9A91123E9788}"
EndProject
Global
	GlobalSection(SolutionConfigurationPlatforms) = preSolution
		Debug|Any CPU = Debug|Any CPU
		Release|Any CPU = Release|Any CPU
	EndGlobalSection
	GlobalSection(ProjectConfigurationPlatforms) = postSolution
		{65552273-2F0F-4896-A3A4-9A91123E9788}.Debug|Any CPU.ActiveCfg = Debug|Any CPU
		{65552273-2F0F-4896-A3A4-9A91123E9788}.Debug|Any CPU.Build.0 = Debug|Any CPU
		{65552273-2F0F-4896-A3A4-9A91123E9788}.Release|Any CPU.ActiveCfg = Release|Any CPU
		{65552273-2F0F-4896-A3A4-9A91123E9788}.Release|Any CPU.Build.0 = Release|Any CPU
	EndGlobalSection
	GlobalSection(SolutionProperties) = preSolution
		HideSolutionNode = FALSE
	EndGlobalSection
	GlobalSection(ExtensibilityGlobals) = postSolution
		SolutionGuid = {D6C136F8-8350-4A2E-B014-47289798FE11}
	EndGlobalSection
EndGlobal
